{
  "requires": true,
  "lockfileVersion": 1,
  "dependencies": {
    "@headlessui/vue": {
      "version": "1.7.16",
      "resolved": "https://registry.npmjs.org/@headlessui/vue/-/vue-1.7.16.tgz",
      "integrity": "sha512-nKT+nf/q6x198SsyK54mSszaQl/z+QxtASmgMEJtpxSX2Q0OPJX0upS/9daDyiECpeAsvjkoOrm2O/6PyBQ+Qg=="
    },
    "@heroicons/vue": {
      "version": "2.0.18",
      "resolved": "https://registry.npmjs.org/@heroicons/vue/-/vue-2.0.18.tgz",
      "integrity": "sha512-BcTC9nq2TkwNSfQuqo96J7ehx4etezypc2YeTq7KsXWxrcrerhkgjLrxGRBnStN0wrXo0Gv4BInybqz5uBG6Cw=="
    }
  }
}
